
Microsoft Visual Studio Solution File, Format Version 12.00
# Visual Studio Version 16
VisualStudioVersion = 16.0.31729.503
MinimumVisualStudioVersion = 10.0.40219.1
Project("{9A19103F-16F7-4668-BE54-9A1E7A4F7556}") = "1ExamSquare", "1ExamSquare.csproj", "{50B61CF8-6E86-4A61-A281-014D298F67DC}"
EndProject
Project("{9A19103F-16F7-4668-BE54-9A1E7A4F7556}") = "ExamSquareTests", "..\ExamTests\ExamSquareTests.csproj", "{D08843CE-52CD-47B4-BAAD-849E65595F3C}"
EndProject
Project("{FAE04EC0-301F-11D3-BF4B-00C04F79EFBC}") = "2ExamSchoolEnrollmentProject", "..\SchoolEnrollmentProject\2ExamSchoolEnrollmentProject.csproj", "{C46AE252-04E5-4B3E-B236-D920EA5DBBBF}"
EndProject
Project("{FAE04EC0-301F-11D3-BF4B-00C04F79EFBC}") = "ExamStudentTests", "..\ExamTests1\ExamStudentTests.csproj", "{F2D0B200-0809-4DA3-9B6D-A2E41EAA2192}"
EndProject
Global
	GlobalSection(SolutionConfigurationPlatforms) = preSolution
		Debug|Any CPU = Debug|Any CPU
		Release|Any CPU = Release|Any CPU
	EndGlobalSection
	GlobalSection(ProjectConfigurationPlatforms) = postSolution
		{50B61CF8-6E86-4A61-A281-014D298F67DC}.Debug|Any CPU.ActiveCfg = Debug|Any CPU
		{50B61CF8-6E86-4A61-A281-014D298F67DC}.Debug|Any CPU.Build.0 = Debug|Any CPU
		{50B61CF8-6E86-4A61-A281-014D298F67DC}.Release|Any CPU.ActiveCfg = Release|Any CPU
		{50B61CF8-6E86-4A61-A281-014D298F67DC}.Release|Any CPU.Build.0 = Release|Any CPU
		{D08843CE-52CD-47B4-BAAD-849E65595F3C}.Debug|Any CPU.ActiveCfg = Debug|Any CPU
		{D08843CE-52CD-47B4-BAAD-849E65595F3C}.Debug|Any CPU.Build.0 = Debug|Any CPU
		{D08843CE-52CD-47B4-BAAD-849E65595F3C}.Release|Any CPU.ActiveCfg = Release|Any CPU
		{D08843CE-52CD-47B4-BAAD-849E65595F3C}.Release|Any CPU.Build.0 = Release|Any CPU
		{C46AE252-04E5-4B3E-B236-D920EA5DBBBF}.Debug|Any CPU.ActiveCfg = Debug|Any CPU
		{C46AE252-04E5-4B3E-B236-D920EA5DBBBF}.Debug|Any CPU.Build.0 = Debug|Any CPU
		{C46AE252-04E5-4B3E-B236-D920EA5DBBBF}.Release|Any CPU.ActiveCfg = Release|Any CPU
		{C46AE252-04E5-4B3E-B236-D920EA5DBBBF}.Release|Any CPU.Build.0 = Release|Any CPU
		{F2D0B200-0809-4DA3-9B6D-A2E41EAA2192}.Debug|Any CPU.ActiveCfg = Debug|Any CPU
		{F2D0B200-0809-4DA3-9B6D-A2E41EAA2192}.Debug|Any CPU.Build.0 = Debug|Any CPU
		{F2D0B200-0809-4DA3-9B6D-A2E41EAA2192}.Release|Any CPU.ActiveCfg = Release|Any CPU
		{F2D0B200-0809-4DA3-9B6D-A2E41EAA2192}.Release|Any CPU.Build.0 = Release|Any CPU
	EndGlobalSection
	GlobalSection(SolutionProperties) = preSolution
		HideSolutionNode = FALSE
	EndGlobalSection
	GlobalSection(ExtensibilityGlobals) = postSolution
		SolutionGuid = {623D1F96-CDD0-409C-BB85-A2249DE9F900}
	EndGlobalSection
EndGlobal
